// !$*UTF8*$!
{
	archiveVersion = 1;
	classes = {
	};
	objectVersion = 46;
	objects = {

/* Begin PBXBuildFile section */
		A51790551E85A4B100853127 /* AppDelegate.swift in Sources */ = {isa = PBXBuildFile; fileRef = A51790541E85A4B100853127 /* AppDelegate.swift */; };
		A51790571E85A4B100853127 /* LoginViewController.swift in Sources */ = {isa = PBXBuildFile; fileRef = A51790561E85A4B100853127 /* LoginViewController.swift */; };
		A517905A1E85A4B100853127 /* Main.storyboard in Resources */ = {isa = PBXBuildFile; fileRef = A51790581E85A4B100853127 /* Main.storyboard */; };
		A517905C1E85A4B100853127 /* Assets.xcassets in Resources */ = {isa = PBXBuildFile; fileRef = A517905B1E85A4B100853127 /* Assets.xcassets */; };
		A517905F1E85A4B100853127 /* LaunchScreen.storyboard in Resources */ = {isa = PBXBuildFile; fileRef = A517905D1E85A4B100853127 /* LaunchScreen.storyboard */; };
		A517906A1E85A4B100853127 /* OnTheMapTests.swift in Sources */ = {isa = PBXBuildFile; fileRef = A51790691E85A4B100853127 /* OnTheMapTests.swift */; };
		A51790751E85A4B100853127 /* OnTheMapUITests.swift in Sources */ = {isa = PBXBuildFile; fileRef = A51790741E85A4B100853127 /* OnTheMapUITests.swift */; };
		A517908A1E864CA600853127 /* Student.swift in Sources */ = {isa = PBXBuildFile; fileRef = A51790891E864CA600853127 /* Student.swift */; };
		A517908C1E864CB600853127 /* Location.swift in Sources */ = {isa = PBXBuildFile; fileRef = A517908B1E864CB600853127 /* Location.swift */; };
		A51790901E864CE600853127 /* User.swift in Sources */ = {isa = PBXBuildFile; fileRef = A517908F1E864CE600853127 /* User.swift */; };
		A51790921E8655B300853127 /* UdacityConstant.swift in Sources */ = {isa = PBXBuildFile; fileRef = A51790911E8655B300853127 /* UdacityConstant.swift */; };
		A51790941E865CFF00853127 /* UdacityClient.swift in Sources */ = {isa = PBXBuildFile; fileRef = A51790931E865CFF00853127 /* UdacityClient.swift */; };
		A51790961E865D3D00853127 /* ParseConstants.swift in Sources */ = {isa = PBXBuildFile; fileRef = A51790951E865D3D00853127 /* ParseConstants.swift */; };
		A51790981E865D5F00853127 /* ParseClient.swift in Sources */ = {isa = PBXBuildFile; fileRef = A51790971E865D5F00853127 /* ParseClient.swift */; };
		A525C8EA1E98A9A700946F44 /* UserTableViewCell.swift in Sources */ = {isa = PBXBuildFile; fileRef = A525C8E91E98A9A700946F44 /* UserTableViewCell.swift */; };
		A525C8EC1E99001800946F44 /* MapViewController.swift in Sources */ = {isa = PBXBuildFile; fileRef = A525C8EB1E99001800946F44 /* MapViewController.swift */; };
		A5D92B9D1E87A9950027B6AE /* Session.swift in Sources */ = {isa = PBXBuildFile; fileRef = A5D92B9C1E87A9950027B6AE /* Session.swift */; };
		A5D92B9F1E8802DC0027B6AE /* CommonConstants.swift in Sources */ = {isa = PBXBuildFile; fileRef = A5D92B9E1E8802DC0027B6AE /* CommonConstants.swift */; };
		A5DE793C1E8F890B0097FE57 /* GCDBlackBox.swift in Sources */ = {isa = PBXBuildFile; fileRef = A5DE793B1E8F890B0097FE57 /* GCDBlackBox.swift */; };
		A5DE793D1E8F890B0097FE57 /* GCDBlackBox.swift in Sources */ = {isa = PBXBuildFile; fileRef = A5DE793B1E8F890B0097FE57 /* GCDBlackBox.swift */; };
		A5DE793E1E8F890B0097FE57 /* GCDBlackBox.swift in Sources */ = {isa = PBXBuildFile; fileRef = A5DE793B1E8F890B0097FE57 /* GCDBlackBox.swift */; };
		A5DE79441E8F8C550097FE57 /* DataSource.swift in Sources */ = {isa = PBXBuildFile; fileRef = A5DE79431E8F8C550097FE57 /* DataSource.swift */; };
		A5F688E91E91626100062E0E /* TabViewController.swift in Sources */ = {isa = PBXBuildFile; fileRef = A5F688E81E91626100062E0E /* TabViewController.swift */; };
		A5F688EB1E9176DD00062E0E /* PostingViewController.swift in Sources */ = {isa = PBXBuildFile; fileRef = A5F688EA1E9176DD00062E0E /* PostingViewController.swift */; };
		A5F688ED1E91847B00062E0E /* TableViewController.swift in Sources */ = {isa = PBXBuildFile; fileRef = A5F688EC1E91847B00062E0E /* TableViewController.swift */; };
/* End PBXBuildFile section */

/* Begin PBXContainerItemProxy section */
		A51790661E85A4B100853127 /* PBXContainerItemProxy */ = {
			isa = PBXContainerItemProxy;
			containerPortal = A51790491E85A4B100853127 /* Project object */;
			proxyType = 1;
			remoteGlobalIDString = A51790501E85A4B100853127;
			remoteInfo = OnTheMap;
		};
		A51790711E85A4B100853127 /* PBXContainerItemProxy */ = {
			isa = PBXContainerItemProxy;
			containerPortal = A51790491E85A4B100853127 /* Project object */;
			proxyType = 1;
			remoteGlobalIDString = A51790501E85A4B100853127;
			remoteInfo = OnTheMap;
		};
/* End PBXContainerItemProxy section */

/* Begin PBXFileReference section */
		A51790511E85A4B100853127 /* OnTheMap.app */ = {isa = PBXFileReference; explicitFileType = wrapper.application; includeInIndex = 0; path = OnTheMap.app; sourceTree = BUILT_PRODUCTS_DIR; };
		A51790541E85A4B100853127 /* AppDelegate.swift */ = {isa = PBXFileReference; lastKnownFileType = sourcecode.swift; path = AppDelegate.swift; sourceTree = "<group>"; };
		A51790561E85A4B100853127 /* LoginViewController.swift */ = {isa = PBXFileReference; lastKnownFileType = sourcecode.swift; path = LoginViewController.swift; sourceTree = "<group>"; };
		A51790591E85A4B100853127 /* Base */ = {isa = PBXFileReference; lastKnownFileType = file.storyboard; name = Base; path = Base.lproj/Main.storyboard; sourceTree = "<group>"; };
		A517905B1E85A4B100853127 /* Assets.xcassets */ = {isa = PBXFileReference; lastKnownFileType = folder.assetcatalog; path = Assets.xcassets; sourceTree = "<group>"; };
		A517905E1E85A4B100853127 /* Base */ = {isa = PBXFileReference; lastKnownFileType = file.storyboard; name = Base; path = Base.lproj/LaunchScreen.storyboard; sourceTree = "<group>"; };
		A51790601E85A4B100853127 /* Info.plist */ = {isa = PBXFileReference; lastKnownFileType = text.plist.xml; path = Info.plist; sourceTree = "<group>"; };
		A51790651E85A4B100853127 /* OnTheMapTests.xctest */ = {isa = PBXFileReference; explicitFileType = wrapper.cfbundle; includeInIndex = 0; path = OnTheMapTests.xctest; sourceTree = BUILT_PRODUCTS_DIR; };
		A51790691E85A4B100853127 /* OnTheMapTests.swift */ = {isa = PBXFileReference; lastKnownFileType = sourcecode.swift; path = OnTheMapTests.swift; sourceTree = "<group>"; };
		A517906B1E85A4B100853127 /* Info.plist */ = {isa = PBXFileReference; lastKnownFileType = text.plist.xml; path = Info.plist; sourceTree = "<group>"; };
		A51790701E85A4B100853127 /* OnTheMapUITests.xctest */ = {isa = PBXFileReference; explicitFileType = wrapper.cfbundle; includeInIndex = 0; path = OnTheMapUITests.xctest; sourceTree = BUILT_PRODUCTS_DIR; };
		A51790741E85A4B100853127 /* OnTheMapUITests.swift */ = {isa = PBXFileReference; lastKnownFileType = sourcecode.swift; path = OnTheMapUITests.swift; sourceTree = "<group>"; };
		A51790761E85A4B100853127 /* Info.plist */ = {isa = PBXFileReference; lastKnownFileType = text.plist.xml; path = Info.plist; sourceTree = "<group>"; };
		A51790891E864CA600853127 /* Student.swift */ = {isa = PBXFileReference; fileEncoding = 4; lastKnownFileType = sourcecode.swift; path = Student.swift; sourceTree = "<group>"; };
		A517908B1E864CB600853127 /* Location.swift */ = {isa = PBXFileReference; fileEncoding = 4; lastKnownFileType = sourcecode.swift; path = Location.swift; sourceTree = "<group>"; };
		A517908F1E864CE600853127 /* User.swift */ = {isa = PBXFileReference; fileEncoding = 4; lastKnownFileType = sourcecode.swift; path = User.swift; sourceTree = "<group>"; };
		A51790911E8655B300853127 /* UdacityConstant.swift */ = {isa = PBXFileReference; fileEncoding = 4; lastKnownFileType = sourcecode.swift; path = UdacityConstant.swift; sourceTree = "<group>"; };
		A51790931E865CFF00853127 /* UdacityClient.swift */ = {isa = PBXFileReference; fileEncoding = 4; lastKnownFileType = sourcecode.swift; path = UdacityClient.swift; sourceTree = "<group>"; };
		A51790951E865D3D00853127 /* ParseConstants.swift */ = {isa = PBXFileReference; fileEncoding = 4; lastKnownFileType = sourcecode.swift; path = ParseConstants.swift; sourceTree = "<group>"; };
		A51790971E865D5F00853127 /* ParseClient.swift */ = {isa = PBXFileReference; fileEncoding = 4; lastKnownFileType = sourcecode.swift; path = ParseClient.swift; sourceTree = "<group>"; };
		A525C8E91E98A9A700946F44 /* UserTableViewCell.swift */ = {isa = PBXFileReference; fileEncoding = 4; lastKnownFileType = sourcecode.swift; path = UserTableViewCell.swift; sourceTree = "<group>"; };
		A525C8EB1E99001800946F44 /* MapViewController.swift */ = {isa = PBXFileReference; fileEncoding = 4; lastKnownFileType = sourcecode.swift; path = MapViewController.swift; sourceTree = "<group>"; };
		A5D92B9C1E87A9950027B6AE /* Session.swift */ = {isa = PBXFileReference; fileEncoding = 4; lastKnownFileType = sourcecode.swift; path = Session.swift; sourceTree = "<group>"; };
		A5D92B9E1E8802DC0027B6AE /* CommonConstants.swift */ = {isa = PBXFileReference; fileEncoding = 4; lastKnownFileType = sourcecode.swift; path = CommonConstants.swift; sourceTree = "<group>"; };
		A5DE793B1E8F890B0097FE57 /* GCDBlackBox.swift */ = {isa = PBXFileReference; fileEncoding = 4; lastKnownFileType = sourcecode.swift; path = GCDBlackBox.swift; sourceTree = "<group>"; };
		A5DE79431E8F8C550097FE57 /* DataSource.swift */ = {isa = PBXFileReference; fileEncoding = 4; lastKnownFileType = sourcecode.swift; path = DataSource.swift; sourceTree = "<group>"; };
		A5F688E81E91626100062E0E /* TabViewController.swift */ = {isa = PBXFileReference; fileEncoding = 4; lastKnownFileType = sourcecode.swift; path = TabViewController.swift; sourceTree = "<group>"; };
		A5F688EA1E9176DD00062E0E /* PostingViewController.swift */ = {isa = PBXFileReference; fileEncoding = 4; lastKnownFileType = sourcecode.swift; path = PostingViewController.swift; sourceTree = "<group>"; };
		A5F688EC1E91847B00062E0E /* TableViewController.swift */ = {isa = PBXFileReference; fileEncoding = 4; lastKnownFileType = sourcecode.swift; path = TableViewController.swift; sourceTree = "<group>"; };
/* End PBXFileReference section */

/* Begin PBXFrameworksBuildPhase section */
		A517904E1E85A4B100853127 /* Frameworks */ = {
			isa = PBXFrameworksBuildPhase;
			buildActionMask = 2147483647;
			files = (
			);
			runOnlyForDeploymentPostprocessing = 0;
		};
		A51790621E85A4B100853127 /* Frameworks */ = {
			isa = PBXFrameworksBuildPhase;
			buildActionMask = 2147483647;
			files = (
			);
			runOnlyForDeploymentPostprocessing = 0;
		};
		A517906D1E85A4B100853127 /* Frameworks */ = {
			isa = PBXFrameworksBuildPhase;
			buildActionMask = 2147483647;
			files = (
			);
			runOnlyForDeploymentPostprocessing = 0;
		};
/* End PBXFrameworksBuildPhase section */

/* Begin PBXGroup section */
		A51790481E85A4B100853127 = {
			isa = PBXGroup;
			children = (
				A51790531E85A4B100853127 /* OnTheMap */,
				A51790681E85A4B100853127 /* OnTheMapTests */,
				A51790731E85A4B100853127 /* OnTheMapUITests */,
				A51790521E85A4B100853127 /* Products */,
			);
			sourceTree = "<group>";
		};
		A51790521E85A4B100853127 /* Products */ = {
			isa = PBXGroup;
			children = (
				A51790511E85A4B100853127 /* OnTheMap.app */,
				A51790651E85A4B100853127 /* OnTheMapTests.xctest */,
				A51790701E85A4B100853127 /* OnTheMapUITests.xctest */,
			);
			name = Products;
			sourceTree = "<group>";
		};
		A51790531E85A4B100853127 /* OnTheMap */ = {
			isa = PBXGroup;
			children = (
				A51790541E85A4B100853127 /* AppDelegate.swift */,
				A5DE793B1E8F890B0097FE57 /* GCDBlackBox.swift */,
				A5D92B9E1E8802DC0027B6AE /* CommonConstants.swift */,
				A51790861E8649A000853127 /* Model */,
				A525C8E81E98A97300946F44 /* View */,
				A5D92B9B1E87A8730027B6AE /* Controller */,
				A51790831E85A64300853127 /* Assets */,
				A51790601E85A4B100853127 /* Info.plist */,
			);
			path = OnTheMap;
			sourceTree = "<group>";
		};
		A51790681E85A4B100853127 /* OnTheMapTests */ = {
			isa = PBXGroup;
			children = (
				A51790691E85A4B100853127 /* OnTheMapTests.swift */,
				A517906B1E85A4B100853127 /* Info.plist */,
			);
			path = OnTheMapTests;
			sourceTree = "<group>";
		};
		A51790731E85A4B100853127 /* OnTheMapUITests */ = {
			isa = PBXGroup;
			children = (
				A51790741E85A4B100853127 /* OnTheMapUITests.swift */,
				A51790761E85A4B100853127 /* Info.plist */,
			);
			path = OnTheMapUITests;
			sourceTree = "<group>";
		};
		A51790821E85A4C300853127 /* Clients */ = {
			isa = PBXGroup;
			children = (
				A5D92B9C1E87A9950027B6AE /* Session.swift */,
				A51790851E86498C00853127 /* Parse */,
				A51790841E86456100853127 /* Udacity */,
			);
			name = Clients;
			sourceTree = "<group>";
		};
		A51790831E85A64300853127 /* Assets */ = {
			isa = PBXGroup;
			children = (
				A517905B1E85A4B100853127 /* Assets.xcassets */,
				A51790581E85A4B100853127 /* Main.storyboard */,
				A517905D1E85A4B100853127 /* LaunchScreen.storyboard */,
			);
			name = Assets;
			sourceTree = "<group>";
		};
		A51790841E86456100853127 /* Udacity */ = {
			isa = PBXGroup;
			children = (
				A51790931E865CFF00853127 /* UdacityClient.swift */,
				A51790911E8655B300853127 /* UdacityConstant.swift */,
			);
			name = Udacity;
			sourceTree = "<group>";
		};
		A51790851E86498C00853127 /* Parse */ = {
			isa = PBXGroup;
			children = (
				A51790951E865D3D00853127 /* ParseConstants.swift */,
				A51790971E865D5F00853127 /* ParseClient.swift */,
			);
			name = Parse;
			sourceTree = "<group>";
		};
		A51790861E8649A000853127 /* Model */ = {
			isa = PBXGroup;
			children = (
				A5DE79431E8F8C550097FE57 /* DataSource.swift */,
				A51790891E864CA600853127 /* Student.swift */,
				A517908B1E864CB600853127 /* Location.swift */,
				A517908F1E864CE600853127 /* User.swift */,
				A51790821E85A4C300853127 /* Clients */,
			);
			name = Model;
			sourceTree = "<group>";
		};
		A525C8E81E98A97300946F44 /* View */ = {
			isa = PBXGroup;
			children = (
				A525C8E91E98A9A700946F44 /* UserTableViewCell.swift */,
			);
			name = View;
			sourceTree = "<group>";
		};
		A5D92B9B1E87A8730027B6AE /* Controller */ = {
			isa = PBXGroup;
			children = (
				A525C8EB1E99001800946F44 /* MapViewController.swift */,
				A5F688E81E91626100062E0E /* TabViewController.swift */,
				A51790561E85A4B100853127 /* LoginViewController.swift */,
				A5F688EA1E9176DD00062E0E /* PostingViewController.swift */,
				A5F688EC1E91847B00062E0E /* TableViewController.swift */,
			);
			name = Controller;
			sourceTree = "<group>";
		};
/* End PBXGroup section */

/* Begin PBXNativeTarget section */
		A51790501E85A4B100853127 /* OnTheMap */ = {
			isa = PBXNativeTarget;
			buildConfigurationList = A51790791E85A4B100853127 /* Build configuration list for PBXNativeTarget "OnTheMap" */;
			buildPhases = (
				A517904D1E85A4B100853127 /* Sources */,
				A517904E1E85A4B100853127 /* Frameworks */,
				A517904F1E85A4B100853127 /* Resources */,
			);
			buildRules = (
			);
			dependencies = (
			);
			name = OnTheMap;
			productName = OnTheMap;
			productReference = A51790511E85A4B100853127 /* OnTheMap.app */;
			productType = "com.apple.product-type.application";
		};
		A51790641E85A4B100853127 /* OnTheMapTests */ = {
			isa = PBXNativeTarget;
			buildConfigurationList = A517907C1E85A4B100853127 /* Build configuration list for PBXNativeTarget "OnTheMapTests" */;
			buildPhases = (
				A51790611E85A4B100853127 /* Sources */,
				A51790621E85A4B100853127 /* Frameworks */,
				A51790631E85A4B100853127 /* Resources */,
			);
			buildRules = (
			);
			dependencies = (
				A51790671E85A4B100853127 /* PBXTargetDependency */,
			);
			name = OnTheMapTests;
			productName = OnTheMapTests;
			productReference = A51790651E85A4B100853127 /* OnTheMapTests.xctest */;
			productType = "com.apple.product-type.bundle.unit-test";
		};
		A517906F1E85A4B100853127 /* OnTheMapUITests */ = {
			isa = PBXNativeTarget;
			buildConfigurationList = A517907F1E85A4B100853127 /* Build configuration list for PBXNativeTarget "OnTheMapUITests" */;
			buildPhases = (
				A517906C1E85A4B100853127 /* Sources */,
				A517906D1E85A4B100853127 /* Frameworks */,
				A517906E1E85A4B100853127 /* Resources */,
			);
			buildRules = (
			);
			dependencies = (
				A51790721E85A4B100853127 /* PBXTargetDependency */,
			);
			name = OnTheMapUITests;
			productName = OnTheMapUITests;
			productReference = A51790701E85A4B100853127 /* OnTheMapUITests.xctest */;
			productType = "com.apple.product-type.bundle.ui-testing";
		};
/* End PBXNativeTarget section */

/* Begin PBXProject section */
		A51790491E85A4B100853127 /* Project object */ = {
			isa = PBXProject;
			attributes = {
				LastSwiftUpdateCheck = 0820;
				LastUpgradeCheck = 0820;
				ORGANIZATIONNAME = otd;
				TargetAttributes = {
					A51790501E85A4B100853127 = {
						CreatedOnToolsVersion = 8.2.1;
						DevelopmentTeam = A2ZQW9HUM3;
						ProvisioningStyle = Automatic;
					};
					A51790641E85A4B100853127 = {
						CreatedOnToolsVersion = 8.2.1;
						ProvisioningStyle = Automatic;
						TestTargetID = A51790501E85A4B100853127;
					};
					A517906F1E85A4B100853127 = {
						CreatedOnToolsVersion = 8.2.1;
						ProvisioningStyle = Automatic;
						TestTargetID = A51790501E85A4B100853127;
					};
				};
			};
			buildConfigurationList = A517904C1E85A4B100853127 /* Build configuration list for PBXProject "OnTheMap" */;
			compatibilityVersion = "Xcode 3.2";
			developmentRegion = English;
			hasScannedForEncodings = 0;
			knownRegions = (
				en,
				Base,
			);
			mainGroup = A51790481E85A4B100853127;
			productRefGroup = A51790521E85A4B100853127 /* Products */;
			projectDirPath = "";
			projectRoot = "";
			targets = (
				A51790501E85A4B100853127 /* OnTheMap */,
				A51790641E85A4B100853127 /* OnTheMapTests */,
				A517906F1E85A4B100853127 /* OnTheMapUITests */,
			);
		};
/* End PBXProject section */

/* Begin PBXResourcesBuildPhase section */
		A517904F1E85A4B100853127 /* Resources */ = {
			isa = PBXResourcesBuildPhase;
			buildActionMask = 2147483647;
			files = (
				A517905F1E85A4B100853127 /* LaunchScreen.storyboard in Resources */,
				A517905C1E85A4B100853127 /* Assets.xcassets in Resources */,
				A517905A1E85A4B100853127 /* Main.storyboard in Resources */,
			);
			runOnlyForDeploymentPostprocessing = 0;
		};
		A51790631E85A4B100853127 /* Resources */ = {
			isa = PBXResourcesBuildPhase;
			buildActionMask = 2147483647;
			files = (
			);
			runOnlyForDeploymentPostprocessing = 0;
		};
		A517906E1E85A4B100853127 /* Resources */ = {
			isa = PBXResourcesBuildPhase;
			buildActionMask = 2147483647;
			files = (
			);
			runOnlyForDeploymentPostprocessing = 0;
		};
/* End PBXResourcesBuildPhase section */

/* Begin PBXSourcesBuildPhase section */
		A517904D1E85A4B100853127 /* Sources */ = {
			isa = PBXSourcesBuildPhase;
			buildActionMask = 2147483647;
			files = (
				A5D92B9D1E87A9950027B6AE /* Session.swift in Sources */,
				A51790981E865D5F00853127 /* ParseClient.swift in Sources */,
				A51790571E85A4B100853127 /* LoginViewController.swift in Sources */,
				A5DE79441E8F8C550097FE57 /* DataSource.swift in Sources */,
				A517908A1E864CA600853127 /* Student.swift in Sources */,
				A5DE793C1E8F890B0097FE57 /* GCDBlackBox.swift in Sources */,
				A517908C1E864CB600853127 /* Location.swift in Sources */,
				A51790921E8655B300853127 /* UdacityConstant.swift in Sources */,
				A51790901E864CE600853127 /* User.swift in Sources */,
				A51790941E865CFF00853127 /* UdacityClient.swift in Sources */,
				A51790551E85A4B100853127 /* AppDelegate.swift in Sources */,
				A5F688ED1E91847B00062E0E /* TableViewController.swift in Sources */,
				A5D92B9F1E8802DC0027B6AE /* CommonConstants.swift in Sources */,
				A525C8EC1E99001800946F44 /* MapViewController.swift in Sources */,
				A5F688E91E91626100062E0E /* TabViewController.swift in Sources */,
				A51790961E865D3D00853127 /* ParseConstants.swift in Sources */,
				A525C8EA1E98A9A700946F44 /* UserTableViewCell.swift in Sources */,
				A5F688EB1E9176DD00062E0E /* PostingViewController.swift in Sources */,
			);
			runOnlyForDeploymentPostprocessing = 0;
		};
		A51790611E85A4B100853127 /* Sources */ = {
			isa = PBXSourcesBuildPhase;
			buildActionMask = 2147483647;
			files = (
				A5DE793D1E8F890B0097FE57 /* GCDBlackBox.swift in Sources */,
				A517906A1E85A4B100853127 /* OnTheMapTests.swift in Sources */,
			);
			runOnlyForDeploymentPostprocessing = 0;
		};
		A517906C1E85A4B100853127 /* Sources */ = {
			isa = PBXSourcesBuildPhase;
			buildActionMask = 2147483647;
			files = (
				A5DE793E1E8F890B0097FE57 /* GCDBlackBox.swift in Sources */,
				A51790751E85A4B100853127 /* OnTheMapUITests.swift in Sources */,
			);
			runOnlyForDeploymentPostprocessing = 0;
		};
/* End PBXSourcesBuildPhase section */

/* Begin PBXTargetDependency section */
		A51790671E85A4B100853127 /* PBXTargetDependency */ = {
			isa = PBXTargetDependency;
			target = A51790501E85A4B100853127 /* OnTheMap */;
			targetProxy = A51790661E85A4B100853127 /* PBXContainerItemProxy */;
		};
		A51790721E85A4B100853127 /* PBXTargetDependency */ = {
			isa = PBXTargetDependency;
			target = A51790501E85A4B100853127 /* OnTheMap */;
			targetProxy = A51790711E85A4B100853127 /* PBXContainerItemProxy */;
		};
/* End PBXTargetDependency section */

/* Begin PBXVariantGroup section */
		A51790581E85A4B100853127 /* Main.storyboard */ = {
			isa = PBXVariantGroup;
			children = (
				A51790591E85A4B100853127 /* Base */,
			);
			name = Main.storyboard;
			sourceTree = "<group>";
		};
		A517905D1E85A4B100853127 /* LaunchScreen.storyboard */ = {
			isa = PBXVariantGroup;
			children = (
				A517905E1E85A4B100853127 /* Base */,
			);
			name = LaunchScreen.storyboard;
			sourceTree = "<group>";
		};
/* End PBXVariantGroup section */

/* Begin XCBuildConfiguration section */
		A51790771E85A4B100853127 /* Debug */ = {
			isa = XCBuildConfiguration;
			buildSettings = {
				ALWAYS_SEARCH_USER_PATHS = NO;
				CLANG_ANALYZER_NONNULL = YES;
				CLANG_CXX_LANGUAGE_STANDARD = "gnu++0x";
				CLANG_CXX_LIBRARY = "libc++";
				CLANG_ENABLE_MODULES = YES;
				CLANG_ENABLE_OBJC_ARC = YES;
				CLANG_WARN_BOOL_CONVERSION = YES;
				CLANG_WARN_CONSTANT_CONVERSION = YES;
				CLANG_WARN_DIRECT_OBJC_ISA_USAGE = YES_ERROR;
				CLANG_WARN_DOCUMENTATION_COMMENTS = YES;
				CLANG_WARN_EMPTY_BODY = YES;
				CLANG_WARN_ENUM_CONVERSION = YES;
				CLANG_WARN_INFINITE_RECURSION = YES;
				CLANG_WARN_INT_CONVERSION = YES;
				CLANG_WARN_OBJC_ROOT_CLASS = YES_ERROR;
				CLANG_WARN_SUSPICIOUS_MOVE = YES;
				CLANG_WARN_UNREACHABLE_CODE = YES;
				CLANG_WARN__DUPLICATE_METHOD_MATCH = YES;
				"CODE_SIGN_IDENTITY[sdk=iphoneos*]" = "iPhone Developer";
				COPY_PHASE_STRIP = NO;
				DEBUG_INFORMATION_FORMAT = dwarf;
				ENABLE_STRICT_OBJC_MSGSEND = YES;
				ENABLE_TESTABILITY = YES;
				GCC_C_LANGUAGE_STANDARD = gnu99;
				GCC_DYNAMIC_NO_PIC = NO;
				GCC_NO_COMMON_BLOCKS = YES;
				GCC_OPTIMIZATION_LEVEL = 0;
				GCC_PREPROCESSOR_DEFINITIONS = (
					"DEBUG=1",
					"$(inherited)",
				);
				GCC_WARN_64_TO_32_BIT_CONVERSION = YES;
				GCC_WARN_ABOUT_RETURN_TYPE = YES_ERROR;
				GCC_WARN_UNDECLARED_SELECTOR = YES;
				GCC_WARN_UNINITIALIZED_AUTOS = YES_AGGRESSIVE;
				GCC_WARN_UNUSED_FUNCTION = YES;
				GCC_WARN_UNUSED_VARIABLE = YES;
				IPHONEOS_DEPLOYMENT_TARGET = 10.2;
				MTL_ENABLE_DEBUG_INFO = YES;
				ONLY_ACTIVE_ARCH = YES;
				SDKROOT = iphoneos;
				SWIFT_ACTIVE_COMPILATION_CONDITIONS = DEBUG;
				SWIFT_OPTIMIZATION_LEVEL = "-Onone";
				TARGETED_DEVICE_FAMILY = "1,2";
			};
			name = Debug;
		};
		A51790781E85A4B100853127 /* Release */ = {
			isa = XCBuildConfiguration;
			buildSettings = {
				ALWAYS_SEARCH_USER_PATHS = NO;
				CLANG_ANALYZER_NONNULL = YES;
				CLANG_CXX_LANGUAGE_STANDARD = "gnu++0x";
				CLANG_CXX_LIBRARY = "libc++";
				CLANG_ENABLE_MODULES = YES;
				CLANG_ENABLE_OBJC_ARC = YES;
				CLANG_WARN_BOOL_CONVERSION = YES;
				CLANG_WARN_CONSTANT_CONVERSION = YES;
				CLANG_WARN_DIRECT_OBJC_ISA_USAGE = YES_ERROR;
				CLANG_WARN_DOCUMENTATION_COMMENTS = YES;
				CLANG_WARN_EMPTY_BODY = YES;
				CLANG_WARN_ENUM_CONVERSION = YES;
				CLANG_WARN_INFINITE_RECURSION = YES;
				CLANG_WARN_INT_CONVERSION = YES;
				CLANG_WARN_OBJC_ROOT_CLASS = YES_ERROR;
				CLANG_WARN_SUSPICIOUS_MOVE = YES;
				CLANG_WARN_UNREACHABLE_CODE = YES;
				CLANG_WARN__DUPLICATE_METHOD_MATCH = YES;
				"CODE_SIGN_IDENTITY[sdk=iphoneos*]" = "iPhone Developer";
				COPY_PHASE_STRIP = NO;
				DEBUG_INFORMATION_FORMAT = "dwarf-with-dsym";
				ENABLE_NS_ASSERTIONS = NO;
				ENABLE_STRICT_OBJC_MSGSEND = YES;
				GCC_C_LANGUAGE_STANDARD = gnu99;
				GCC_NO_COMMON_BLOCKS = YES;
				GCC_WARN_64_TO_32_BIT_CONVERSION = YES;
				GCC_WARN_ABOUT_RETURN_TYPE = YES_ERROR;
				GCC_WARN_UNDECLARED_SELECTOR = YES;
				GCC_WARN_UNINITIALIZED_AUTOS = YES_AGGRESSIVE;
				GCC_WARN_UNUSED_FUNCTION = YES;
				GCC_WARN_UNUSED_VARIABLE = YES;
				IPHONEOS_DEPLOYMENT_TARGET = 10.2;
				MTL_ENABLE_DEBUG_INFO = NO;
				SDKROOT = iphoneos;
				SWIFT_OPTIMIZATION_LEVEL = "-Owholemodule";
				TARGETED_DEVICE_FAMILY = "1,2";
				VALIDATE_PRODUCT = YES;
			};
			name = Release;
		};
		A517907A1E85A4B100853127 /* Debug */ = {
			isa = XCBuildConfiguration;
			buildSettings = {
				ASSETCATALOG_COMPILER_APPICON_NAME = AppIcon;
				DEVELOPMENT_TEAM = A2ZQW9HUM3;
				INFOPLIST_FILE = OnTheMap/Info.plist;
				LD_RUNPATH_SEARCH_PATHS = "$(inherited) @executable_path/Frameworks";
				PRODUCT_BUNDLE_IDENTIFIER = com.otd.OnTheMap;
				PRODUCT_NAME = "$(TARGET_NAME)";
				SWIFT_VERSION = 3.0;
			};
			name = Debug;
		};
		A517907B1E85A4B100853127 /* Release */ = {
			isa = XCBuildConfiguration;
			buildSettings = {
				ASSETCATALOG_COMPILER_APPICON_NAME = AppIcon;
				DEVELOPMENT_TEAM = A2ZQW9HUM3;
				INFOPLIST_FILE = OnTheMap/Info.plist;
				LD_RUNPATH_SEARCH_PATHS = "$(inherited) @executable_path/Frameworks";
				PRODUCT_BUNDLE_IDENTIFIER = com.otd.OnTheMap;
				PRODUCT_NAME = "$(TARGET_NAME)";
				SWIFT_VERSION = 3.0;
			};
			name = Release;
		};
		A517907D1E85A4B100853127 /* Debug */ = {
			isa = XCBuildConfiguration;
			buildSettings = {
				ALWAYS_EMBED_SWIFT_STANDARD_LIBRARIES = YES;
				BUNDLE_LOADER = "$(TEST_HOST)";
				INFOPLIST_FILE = OnTheMapTests/Info.plist;
				LD_RUNPATH_SEARCH_PATHS = "$(inherited) @executable_path/Frameworks @loader_path/Frameworks";
				PRODUCT_BUNDLE_IDENTIFIER = com.otd.OnTheMapTests;
				PRODUCT_NAME = "$(TARGET_NAME)";
				SWIFT_VERSION = 3.0;
				TEST_HOST = "$(BUILT_PRODUCTS_DIR)/OnTheMap.app/OnTheMap";
			};
			name = Debug;
		};
		A517907E1E85A4B100853127 /* Release */ = {
			isa = XCBuildConfiguration;
			buildSettings = {
				ALWAYS_EMBED_SWIFT_STANDARD_LIBRARIES = YES;
				BUNDLE_LOADER = "$(TEST_HOST)";
				INFOPLIST_FILE = OnTheMapTests/Info.plist;
				LD_RUNPATH_SEARCH_PATHS = "$(inherited) @executable_path/Frameworks @loader_path/Frameworks";
				PRODUCT_BUNDLE_IDENTIFIER = com.otd.OnTheMapTests;
				PRODUCT_NAME = "$(TARGET_NAME)";
				SWIFT_VERSION = 3.0;
				TEST_HOST = "$(BUILT_PRODUCTS_DIR)/OnTheMap.app/OnTheMap";
			};
			name = Release;
		};
		A51790801E85A4B100853127 /* Debug */ = {
			isa = XCBuildConfiguration;
			buildSettings = {
				ALWAYS_EMBED_SWIFT_STANDARD_LIBRARIES = YES;
				INFOPLIST_FILE = OnTheMapUITests/Info.plist;
				LD_RUNPATH_SEARCH_PATHS = "$(inherited) @executable_path/Frameworks @loader_path/Frameworks";
				PRODUCT_BUNDLE_IDENTIFIER = com.otd.OnTheMapUITests;
				PRODUCT_NAME = "$(TARGET_NAME)";
				SWIFT_VERSION = 3.0;
				TEST_TARGET_NAME = OnTheMap;
			};
			name = Debug;
		};
		A51790811E85A4B100853127 /* Release */ = {
			isa = XCBuildConfiguration;
			buildSettings = {
				ALWAYS_EMBED_SWIFT_STANDARD_LIBRARIES = YES;
				INFOPLIST_FILE = OnTheMapUITests/Info.plist;
				LD_RUNPATH_SEARCH_PATHS = "$(inherited) @executable_path/Frameworks @loader_path/Frameworks";
				PRODUCT_BUNDLE_IDENTIFIER = com.otd.OnTheMapUITests;
				PRODUCT_NAME = "$(TARGET_NAME)";
				SWIFT_VERSION = 3.0;
				TEST_TARGET_NAME = OnTheMap;
			};
			name = Release;
		};
/* End XCBuildConfiguration section */

/* Begin XCConfigurationList section */
		A517904C1E85A4B100853127 /* Build configuration list for PBXProject "OnTheMap" */ = {
			isa = XCConfigurationList;
			buildConfigurations = (
				A51790771E85A4B100853127 /* Debug */,
				A51790781E85A4B100853127 /* Release */,
			);
			defaultConfigurationIsVisible = 0;
			defaultConfigurationName = Release;
		};
		A51790791E85A4B100853127 /* Build configuration list for PBXNativeTarget "OnTheMap" */ = {
			isa = XCConfigurationList;
			buildConfigurations = (
				A517907A1E85A4B100853127 /* Debug */,
				A517907B1E85A4B100853127 /* Release */,
			);
			defaultConfigurationIsVisible = 0;
			defaultConfigurationName = Release;
		};
		A517907C1E85A4B100853127 /* Build configuration list for PBXNativeTarget "OnTheMapTests" */ = {
			isa = XCConfigurationList;
			buildConfigurations = (
				A517907D1E85A4B100853127 /* Debug */,
				A517907E1E85A4B100853127 /* Release */,
			);
			defaultConfigurationIsVisible = 0;
			defaultConfigurationName = Release;
		};
		A517907F1E85A4B100853127 /* Build configuration list for PBXNativeTarget "OnTheMapUITests" */ = {
			isa = XCConfigurationList;
			buildConfigurations = (
				A51790801E85A4B100853127 /* Debug */,
				A51790811E85A4B100853127 /* Release */,
			);
			defaultConfigurationIsVisible = 0;
			defaultConfigurationName = Release;
		};
/* End XCConfigurationList section */
	};
	rootObject = A51790491E85A4B100853127 /* Project object */;
}
